Microsoft Visual Studio Solution File, Format Version 12.00
# Visual Studio 15
VisualStudioVersion = 15.0.26730.16
MinimumVisualStudioVersion = 10.0.40219.1
Project("{2150E333-8FDC-42A3-9474-1A3956D46DE8}") = "Solution Items", "Solution Items", "{9E43FDE6-BCFF-4B64-9F7E-B3C9C03FA257}"
	ProjectSection(SolutionItems) = preProject
		notes.md = notes.md
	EndProjectSection
EndProject
Project("{FAE04EC0-301F-11D3-BF4B-00C04F79EFBC}") = "BookmarkImportClient.Web", "BookmarkImportClient.Web\BookmarkImportClient.Web.csproj", "{C3121677-36A7-4F62-A7A3-EF718A7806B8}"
EndProject
Project("{FAE04EC0-301F-11D3-BF4B-00C04F79EFBC}") = "BookmarkDataProcessor", "BookmarkImport.DataProcessor\BookmarkDataProcessor.csproj", "{8B2FDA87-2248-466A-A496-E10AB30B4920}"
EndProject
Project("{F2A71F9B-5D33-465A-A702-920D77279786}") = "DataPersistence", "Bookmarks.DataPersistence\DataPersistence.fsproj", "{48E5EA56-5CB0-4D4B-A5DE-7CBB7D0F9224}"
EndProject
Global
	GlobalSection(SolutionConfigurationPlatforms) = preSolution
		Debug|Any CPU = Debug|Any CPU
		Debug|x86 = Debug|x86
		Release|Any CPU = Release|Any CPU
		Release|x86 = Release|x86
	EndGlobalSection
	GlobalSection(ProjectConfigurationPlatforms) = postSolution
		{C3121677-36A7-4F62-A7A3-EF718A7806B8}.Debug|Any CPU.ActiveCfg = Debug|Any CPU
		{C3121677-36A7-4F62-A7A3-EF718A7806B8}.Debug|Any CPU.Build.0 = Debug|Any CPU
		{C3121677-36A7-4F62-A7A3-EF718A7806B8}.Debug|x86.ActiveCfg = Debug|Any CPU
		{C3121677-36A7-4F62-A7A3-EF718A7806B8}.Debug|x86.Build.0 = Debug|Any CPU
		{C3121677-36A7-4F62-A7A3-EF718A7806B8}.Release|Any CPU.ActiveCfg = Release|Any CPU
		{C3121677-36A7-4F62-A7A3-EF718A7806B8}.Release|Any CPU.Build.0 = Release|Any CPU
		{C3121677-36A7-4F62-A7A3-EF718A7806B8}.Release|x86.ActiveCfg = Release|Any CPU
		{C3121677-36A7-4F62-A7A3-EF718A7806B8}.Release|x86.Build.0 = Release|Any CPU
		{8B2FDA87-2248-466A-A496-E10AB30B4920}.Debug|Any CPU.ActiveCfg = Debug|Any CPU
		{8B2FDA87-2248-466A-A496-E10AB30B4920}.Debug|Any CPU.Build.0 = Debug|Any CPU
		{8B2FDA87-2248-466A-A496-E10AB30B4920}.Debug|x86.ActiveCfg = Debug|Any CPU
		{8B2FDA87-2248-466A-A496-E10AB30B4920}.Debug|x86.Build.0 = Debug|Any CPU
		{8B2FDA87-2248-466A-A496-E10AB30B4920}.Release|Any CPU.ActiveCfg = Release|Any CPU
		{8B2FDA87-2248-466A-A496-E10AB30B4920}.Release|Any CPU.Build.0 = Release|Any CPU
		{8B2FDA87-2248-466A-A496-E10AB30B4920}.Release|x86.ActiveCfg = Release|Any CPU
		{8B2FDA87-2248-466A-A496-E10AB30B4920}.Release|x86.Build.0 = Release|Any CPU
		{48E5EA56-5CB0-4D4B-A5DE-7CBB7D0F9224}.Debug|Any CPU.ActiveCfg = Debug|Any CPU
		{48E5EA56-5CB0-4D4B-A5DE-7CBB7D0F9224}.Debug|Any CPU.Build.0 = Debug|Any CPU
		{48E5EA56-5CB0-4D4B-A5DE-7CBB7D0F9224}.Debug|x86.ActiveCfg = Debug|Any CPU
		{48E5EA56-5CB0-4D4B-A5DE-7CBB7D0F9224}.Debug|x86.Build.0 = Debug|Any CPU
		{48E5EA56-5CB0-4D4B-A5DE-7CBB7D0F9224}.Release|Any CPU.ActiveCfg = Release|Any CPU
		{48E5EA56-5CB0-4D4B-A5DE-7CBB7D0F9224}.Release|Any CPU.Build.0 = Release|Any CPU
		{48E5EA56-5CB0-4D4B-A5DE-7CBB7D0F9224}.Release|x86.ActiveCfg = Release|Any CPU
		{48E5EA56-5CB0-4D4B-A5DE-7CBB7D0F9224}.Release|x86.Build.0 = Release|Any CPU
	EndGlobalSection
	GlobalSection(SolutionProperties) = preSolution
		HideSolutionNode = FALSE
	EndGlobalSection
	GlobalSection(ExtensibilityGlobals) = postSolution
		SolutionGuid = {B6B460C4-33A6-4A56-BF0E-2DBE55BFCEA2}
	EndGlobalSection
EndGlobal
